
Microsoft Visual Studio Solution File, Format Version 12.00
# Visual Studio Version 16
VisualStudioVersion = 16.0.32602.291
MinimumVisualStudioVersion = 10.0.40219.1
Project("{8BC9CEB8-8B4A-11D0-8D11-00A0C91BC942}") = "Elephant_Engine", "Elephant_Engine\Elephant_Engine.vcxproj", "{6F1E840A-DB3E-4666-8324-D45359E4D6D9}"
EndProject
Project("{8BC9CEB8-8B4A-11D0-8D11-00A0C91BC942}") = "TestProject", "TestProject\TestProject.vcxproj", "{662C0BD8-14BA-446E-932E-1F92DCAD56C7}"
EndProject
Project("{9A19103F-16F7-4668-BE54-9A1E7A4F7556}") = "CommonTool", "common_tool\CommonTool.csproj", "{8CE11EE6-B5A9-47B3-B5CE-1EFFB1EBA040}"
EndProject
Project("{8BC9CEB8-8B4A-11D0-8D11-00A0C91BC942}") = "ConsolTest", "ConsolTest\ConsolTest.vcxproj", "{783FC2C7-0DE3-4356-8866-401592163A4B}"
EndProject
Global
	GlobalSection(SolutionConfigurationPlatforms) = preSolution
		Debug|Any CPU = Debug|Any CPU
		Debug|x64 = Debug|x64
		Debug|x86 = Debug|x86
		Release|Any CPU = Release|Any CPU
		Release|x64 = Release|x64
		Release|x86 = Release|x86
	EndGlobalSection
	GlobalSection(ProjectConfigurationPlatforms) = postSolution
		{6F1E840A-DB3E-4666-8324-D45359E4D6D9}.Debug|Any CPU.ActiveCfg = Debug|Win32
		{6F1E840A-DB3E-4666-8324-D45359E4D6D9}.Debug|x64.ActiveCfg = Debug|x64
		{6F1E840A-DB3E-4666-8324-D45359E4D6D9}.Debug|x64.Build.0 = Debug|x64
		{6F1E840A-DB3E-4666-8324-D45359E4D6D9}.Debug|x86.ActiveCfg = Debug|Win32
		{6F1E840A-DB3E-4666-8324-D45359E4D6D9}.Debug|x86.Build.0 = Debug|Win32
		{6F1E840A-DB3E-4666-8324-D45359E4D6D9}.Release|Any CPU.ActiveCfg = Release|Win32
		{6F1E840A-DB3E-4666-8324-D45359E4D6D9}.Release|x64.ActiveCfg = Release|x64
		{6F1E840A-DB3E-4666-8324-D45359E4D6D9}.Release|x64.Build.0 = Release|x64
		{6F1E840A-DB3E-4666-8324-D45359E4D6D9}.Release|x86.ActiveCfg = Release|Win32
		{6F1E840A-DB3E-4666-8324-D45359E4D6D9}.Release|x86.Build.0 = Release|Win32
		{662C0BD8-14BA-446E-932E-1F92DCAD56C7}.Debug|Any CPU.ActiveCfg = Debug|Win32
		{662C0BD8-14BA-446E-932E-1F92DCAD56C7}.Debug|x64.ActiveCfg = Debug|x64
		{662C0BD8-14BA-446E-932E-1F92DCAD56C7}.Debug|x64.Build.0 = Debug|x64
		{662C0BD8-14BA-446E-932E-1F92DCAD56C7}.Debug|x86.ActiveCfg = Debug|Win32
		{662C0BD8-14BA-446E-932E-1F92DCAD56C7}.Debug|x86.Build.0 = Debug|Win32
		{662C0BD8-14BA-446E-932E-1F92DCAD56C7}.Release|Any CPU.ActiveCfg = Release|Win32
		{662C0BD8-14BA-446E-932E-1F92DCAD56C7}.Release|x64.ActiveCfg = Release|x64
		{662C0BD8-14BA-446E-932E-1F92DCAD56C7}.Release|x64.Build.0 = Release|x64
		{662C0BD8-14BA-446E-932E-1F92DCAD56C7}.Release|x86.ActiveCfg = Release|Win32
		{662C0BD8-14BA-446E-932E-1F92DCAD56C7}.Release|x86.Build.0 = Release|Win32
		{8CE11EE6-B5A9-47B3-B5CE-1EFFB1EBA040}.Debug|Any CPU.ActiveCfg = Debug|Any CPU
		{8CE11EE6-B5A9-47B3-B5CE-1EFFB1EBA040}.Debug|Any CPU.Build.0 = Debug|Any CPU
		{8CE11EE6-B5A9-47B3-B5CE-1EFFB1EBA040}.Debug|x64.ActiveCfg = Debug|Any CPU
		{8CE11EE6-B5A9-47B3-B5CE-1EFFB1EBA040}.Debug|x64.Build.0 = Debug|Any CPU
		{8CE11EE6-B5A9-47B3-B5CE-1EFFB1EBA040}.Debug|x86.ActiveCfg = Debug|Any CPU
		{8CE11EE6-B5A9-47B3-B5CE-1EFFB1EBA040}.Debug|x86.Build.0 = Debug|Any CPU
		{8CE11EE6-B5A9-47B3-B5CE-1EFFB1EBA040}.Release|Any CPU.ActiveCfg = Release|Any CPU
		{8CE11EE6-B5A9-47B3-B5CE-1EFFB1EBA040}.Release|Any CPU.Build.0 = Release|Any CPU
		{8CE11EE6-B5A9-47B3-B5CE-1EFFB1EBA040}.Release|x64.ActiveCfg = Release|Any CPU
		{8CE11EE6-B5A9-47B3-B5CE-1EFFB1EBA040}.Release|x64.Build.0 = Release|Any CPU
		{8CE11EE6-B5A9-47B3-B5CE-1EFFB1EBA040}.Release|x86.ActiveCfg = Release|Any CPU
		{8CE11EE6-B5A9-47B3-B5CE-1EFFB1EBA040}.Release|x86.Build.0 = Release|Any CPU
		{783FC2C7-0DE3-4356-8866-401592163A4B}.Debug|Any CPU.ActiveCfg = Debug|Win32
		{783FC2C7-0DE3-4356-8866-401592163A4B}.Debug|x64.ActiveCfg = Debug|x64
		{783FC2C7-0DE3-4356-8866-401592163A4B}.Debug|x64.Build.0 = Debug|x64
		{783FC2C7-0DE3-4356-8866-401592163A4B}.Debug|x86.ActiveCfg = Debug|Win32
		{783FC2C7-0DE3-4356-8866-401592163A4B}.Debug|x86.Build.0 = Debug|Win32
		{783FC2C7-0DE3-4356-8866-401592163A4B}.Release|Any CPU.ActiveCfg = Release|Win32
		{783FC2C7-0DE3-4356-8866-401592163A4B}.Release|x64.ActiveCfg = Release|x64
		{783FC2C7-0DE3-4356-8866-401592163A4B}.Release|x64.Build.0 = Release|x64
		{783FC2C7-0DE3-4356-8866-401592163A4B}.Release|x86.ActiveCfg = Release|Win32
		{783FC2C7-0DE3-4356-8866-401592163A4B}.Release|x86.Build.0 = Release|Win32
	EndGlobalSection
	GlobalSection(SolutionProperties) = preSolution
		HideSolutionNode = FALSE
	EndGlobalSection
	GlobalSection(ExtensibilityGlobals) = postSolution
		SolutionGuid = {F6EA133F-AA3B-43EF-BD2D-8FA8933275B8}
	EndGlobalSection
EndGlobal
